// !$*UTF8*$!
{
	archiveVersion = 1;
	classes = {
	};
	objectVersion = 56;
	objects = {

/* Begin PBXBuildFile section */
		0B2F003B29E99B8C007DED42 /* PItemCell.swift in Sources */ = {isa = PBXBuildFile; fileRef = 0B2F003929E99B8C007DED42 /* PItemCell.swift */; };
		0B2F003C29E99B8C007DED42 /* PItemCell.xib in Resources */ = {isa = PBXBuildFile; fileRef = 0B2F003A29E99B8C007DED42 /* PItemCell.xib */; };
		0B2F004029E9A4E3007DED42 /* CreateNewPasswordVC.swift in Sources */ = {isa = PBXBuildFile; fileRef = 0B2F003E29E9A4E3007DED42 /* CreateNewPasswordVC.swift */; };
		0B3282F829EA2C0200474907 /* PasswordGenerator.swift in Sources */ = {isa = PBXBuildFile; fileRef = 0B3282F629EA2C0200474907 /* PasswordGenerator.swift */; };
		0B3282F929EA2C0200474907 /* PasswordGenerator.xib in Resources */ = {isa = PBXBuildFile; fileRef = 0B3282F729EA2C0200474907 /* PasswordGenerator.xib */; };
		0B3AEEF329EBD2B9009C206C /* CustomsAlertVC.swift in Sources */ = {isa = PBXBuildFile; fileRef = 0B3AEEF129EBD2B9009C206C /* CustomsAlertVC.swift */; };
		0B3AEEF429EBD2B9009C206C /* CustomsAlertVC.xib in Resources */ = {isa = PBXBuildFile; fileRef = 0B3AEEF229EBD2B9009C206C /* CustomsAlertVC.xib */; };
		0B47665629F0433B00E6B115 /* ActionMoreVC.swift in Sources */ = {isa = PBXBuildFile; fileRef = 0B47665429F0433B00E6B115 /* ActionMoreVC.swift */; };
		0B47665729F0433B00E6B115 /* ActionMoreVC.xib in Resources */ = {isa = PBXBuildFile; fileRef = 0B47665529F0433B00E6B115 /* ActionMoreVC.xib */; };
		0BA163C929E8D88900FFB12A /* ic-category.png in Resources */ = {isa = PBXBuildFile; fileRef = 0BA163C529E8D88900FFB12A /* ic-category.png */; };
		0BA163CA29E8D88900FFB12A /* ic-password.png in Resources */ = {isa = PBXBuildFile; fileRef = 0BA163C629E8D88900FFB12A /* ic-password.png */; };
		0BA163CB29E8D88900FFB12A /* ic-photo.png in Resources */ = {isa = PBXBuildFile; fileRef = 0BA163C729E8D88900FFB12A /* ic-photo.png */; };
		0BA163CC29E8D88900FFB12A /* ic-setting.png in Resources */ = {isa = PBXBuildFile; fileRef = 0BA163C829E8D88900FFB12A /* ic-setting.png */; };
		0BA163D429E8DBE900FFB12A /* PasswordMainVC.swift in Sources */ = {isa = PBXBuildFile; fileRef = 0BA163D229E8DBE900FFB12A /* PasswordMainVC.swift */; };
		0BA163D529E8DBE900FFB12A /* PasswordMainVC.xib in Resources */ = {isa = PBXBuildFile; fileRef = 0BA163D329E8DBE900FFB12A /* PasswordMainVC.xib */; };
		0BA163D829E8DBF900FFB12A /* SettingMainVC.swift in Sources */ = {isa = PBXBuildFile; fileRef = 0BA163D629E8DBF900FFB12A /* SettingMainVC.swift */; };
		0BA163D929E8DBF900FFB12A /* SettingMainVC.xib in Resources */ = {isa = PBXBuildFile; fileRef = 0BA163D729E8DBF900FFB12A /* SettingMainVC.xib */; };
		0BA163DC29E8DC1000FFB12A /* CategoryMainVC.swift in Sources */ = {isa = PBXBuildFile; fileRef = 0BA163DA29E8DC1000FFB12A /* CategoryMainVC.swift */; };
		0BA163DD29E8DC1000FFB12A /* CategoryMainVC.xib in Resources */ = {isa = PBXBuildFile; fileRef = 0BA163DB29E8DC1000FFB12A /* CategoryMainVC.xib */; };
		0BA163E029E8DC2300FFB12A /* PhotoMainVC.swift in Sources */ = {isa = PBXBuildFile; fileRef = 0BA163DE29E8DC2300FFB12A /* PhotoMainVC.swift */; };
		0BA163E129E8DC2300FFB12A /* PhotoMainVC.xib in Resources */ = {isa = PBXBuildFile; fileRef = 0BA163DF29E8DC2300FFB12A /* PhotoMainVC.xib */; };
		0BB33DFA29EE0AD900B281DE /* Utility.swift in Sources */ = {isa = PBXBuildFile; fileRef = 0BB33DF929EE0AD900B281DE /* Utility.swift */; };
		0BC0C32529EEDA680009EAC1 /* LocalStored.swift in Sources */ = {isa = PBXBuildFile; fileRef = 0BC0C32429EEDA680009EAC1 /* LocalStored.swift */; };
		0BEA4FE329EA479E001810D7 /* CreateNewPasswordVC.xib in Resources */ = {isa = PBXBuildFile; fileRef = 0BEA4FE229EA479E001810D7 /* CreateNewPasswordVC.xib */; };
		0BEA4FE729EA5175001810D7 /* IntroVC.swift in Sources */ = {isa = PBXBuildFile; fileRef = 0BEA4FE529EA5175001810D7 /* IntroVC.swift */; };
		0BEA4FE829EA5175001810D7 /* IntroVC.xib in Resources */ = {isa = PBXBuildFile; fileRef = 0BEA4FE629EA5175001810D7 /* IntroVC.xib */; };
		0BEA4FEA29EA53C8001810D7 /* CacheManager.swift in Sources */ = {isa = PBXBuildFile; fileRef = 0BEA4FE929EA53C8001810D7 /* CacheManager.swift */; };
		0BEA4FEC29EA543F001810D7 /* Common.swift in Sources */ = {isa = PBXBuildFile; fileRef = 0BEA4FEB29EA543F001810D7 /* Common.swift */; };
		0BEA4FF029EA9B28001810D7 /* InputPasswordAppVC.swift in Sources */ = {isa = PBXBuildFile; fileRef = 0BEA4FEE29EA9B28001810D7 /* InputPasswordAppVC.swift */; };
		0BEA4FF129EA9B28001810D7 /* InputPasswordAppVC.xib in Resources */ = {isa = PBXBuildFile; fileRef = 0BEA4FEF29EA9B28001810D7 /* InputPasswordAppVC.xib */; };
		0BEA4FF329EAAA96001810D7 /* BaseVC.swift in Sources */ = {isa = PBXBuildFile; fileRef = 0BEA4FF229EAAA96001810D7 /* BaseVC.swift */; };
		81348056D97FAA8E13D4934E /* Pods_ThuVienAnh.framework in Frameworks */ = {isa = PBXBuildFile; fileRef = 5BCCC95D179234224E94E0F9 /* Pods_ThuVienAnh.framework */; };
		D922BF0C29E8EBBA001E3E26 /* Helper.swift in Sources */ = {isa = PBXBuildFile; fileRef = D922BF0B29E8EBBA001E3E26 /* Helper.swift */; };
		D9A9D1F829EFE51F0099281E /* PasswordStorage.swift in Sources */ = {isa = PBXBuildFile; fileRef = D9A9D1F729EFE51F0099281E /* PasswordStorage.swift */; };
		D9B16B8629F1510000940DA8 /* Category.swift in Sources */ = {isa = PBXBuildFile; fileRef = D9B16B8529F1510000940DA8 /* Category.swift */; };
		D9B16B8929F1532B00940DA8 /* CategoryCell.swift in Sources */ = {isa = PBXBuildFile; fileRef = D9B16B8729F1532B00940DA8 /* CategoryCell.swift */; };
		D9B16B8A29F1532B00940DA8 /* CategoryCell.xib in Resources */ = {isa = PBXBuildFile; fileRef = D9B16B8829F1532B00940DA8 /* CategoryCell.xib */; };
		D9BE5AA229E96CAF0044CE17 /* Extensions.swift in Sources */ = {isa = PBXBuildFile; fileRef = D9BE5AA129E96CAE0044CE17 /* Extensions.swift */; };
		D9CEDE5029E80AFA00A7C846 /* AppDelegate.swift in Sources */ = {isa = PBXBuildFile; fileRef = D9CEDE4F29E80AFA00A7C846 /* AppDelegate.swift */; };
		D9CEDE5229E80AFA00A7C846 /* SceneDelegate.swift in Sources */ = {isa = PBXBuildFile; fileRef = D9CEDE5129E80AFA00A7C846 /* SceneDelegate.swift */; };
		D9CEDE5929E80AFC00A7C846 /* Assets.xcassets in Resources */ = {isa = PBXBuildFile; fileRef = D9CEDE5829E80AFC00A7C846 /* Assets.xcassets */; };
		D9CEDE5C29E80AFC00A7C846 /* LaunchScreen.storyboard in Resources */ = {isa = PBXBuildFile; fileRef = D9CEDE5A29E80AFC00A7C846 /* LaunchScreen.storyboard */; };
		D9CEDE6E29E813A000A7C846 /* MainVC.swift in Sources */ = {isa = PBXBuildFile; fileRef = D9CEDE6C29E813A000A7C846 /* MainVC.swift */; };
		D9CEDE6F29E813A000A7C846 /* MainVC.xib in Resources */ = {isa = PBXBuildFile; fileRef = D9CEDE6D29E813A000A7C846 /* MainVC.xib */; };
		D9CEDE7429E815E700A7C846 /* Icon App.png in Resources */ = {isa = PBXBuildFile; fileRef = D9CEDE7329E815E700A7C846 /* Icon App.png */; };
/* End PBXBuildFile section */

/* Begin PBXFileReference section */
		0A6870A16B713B0DBE5D0A01 /* Pods-ThuVienAnh.release.xcconfig */ = {isa = PBXFileReference; includeInIndex = 1; lastKnownFileType = text.xcconfig; name = "Pods-ThuVienAnh.release.xcconfig"; path = "Target Support Files/Pods-ThuVienAnh/Pods-ThuVienAnh.release.xcconfig"; sourceTree = "<group>"; };
		0B2F003929E99B8C007DED42 /* PItemCell.swift */ = {isa = PBXFileReference; lastKnownFileType = sourcecode.swift; path = PItemCell.swift; sourceTree = "<group>"; };
		0B2F003A29E99B8C007DED42 /* PItemCell.xib */ = {isa = PBXFileReference; lastKnownFileType = file.xib; path = PItemCell.xib; sourceTree = "<group>"; };
		0B2F003E29E9A4E3007DED42 /* CreateNewPasswordVC.swift */ = {isa = PBXFileReference; lastKnownFileType = sourcecode.swift; path = CreateNewPasswordVC.swift; sourceTree = "<group>"; };
		0B3282F629EA2C0200474907 /* PasswordGenerator.swift */ = {isa = PBXFileReference; lastKnownFileType = sourcecode.swift; path = PasswordGenerator.swift; sourceTree = "<group>"; wrapsLines = 1; };
		0B3282F729EA2C0200474907 /* PasswordGenerator.xib */ = {isa = PBXFileReference; lastKnownFileType = file.xib; path = PasswordGenerator.xib; sourceTree = "<group>"; };
		0B3AEEF129EBD2B9009C206C /* CustomsAlertVC.swift */ = {isa = PBXFileReference; lastKnownFileType = sourcecode.swift; path = CustomsAlertVC.swift; sourceTree = "<group>"; };
		0B3AEEF229EBD2B9009C206C /* CustomsAlertVC.xib */ = {isa = PBXFileReference; lastKnownFileType = file.xib; path = CustomsAlertVC.xib; sourceTree = "<group>"; };
		0B47665429F0433B00E6B115 /* ActionMoreVC.swift */ = {isa = PBXFileReference; lastKnownFileType = sourcecode.swift; path = ActionMoreVC.swift; sourceTree = "<group>"; };
		0B47665529F0433B00E6B115 /* ActionMoreVC.xib */ = {isa = PBXFileReference; lastKnownFileType = file.xib; path = ActionMoreVC.xib; sourceTree = "<group>"; };
		0BA163C529E8D88900FFB12A /* ic-category.png */ = {isa = PBXFileReference; lastKnownFileType = image.png; path = "ic-category.png"; sourceTree = "<group>"; };
		0BA163C629E8D88900FFB12A /* ic-password.png */ = {isa = PBXFileReference; lastKnownFileType = image.png; path = "ic-password.png"; sourceTree = "<group>"; };
		0BA163C729E8D88900FFB12A /* ic-photo.png */ = {isa = PBXFileReference; lastKnownFileType = image.png; path = "ic-photo.png"; sourceTree = "<group>"; };
		0BA163C829E8D88900FFB12A /* ic-setting.png */ = {isa = PBXFileReference; lastKnownFileType = image.png; path = "ic-setting.png"; sourceTree = "<group>"; };
		0BA163D229E8DBE900FFB12A /* PasswordMainVC.swift */ = {isa = PBXFileReference; lastKnownFileType = sourcecode.swift; path = PasswordMainVC.swift; sourceTree = "<group>"; };
		0BA163D329E8DBE900FFB12A /* PasswordMainVC.xib */ = {isa = PBXFileReference; lastKnownFileType = file.xib; path = PasswordMainVC.xib; sourceTree = "<group>"; };
		0BA163D629E8DBF900FFB12A /* SettingMainVC.swift */ = {isa = PBXFileReference; lastKnownFileType = sourcecode.swift; path = SettingMainVC.swift; sourceTree = "<group>"; };
		0BA163D729E8DBF900FFB12A /* SettingMainVC.xib */ = {isa = PBXFileReference; lastKnownFileType = file.xib; path = SettingMainVC.xib; sourceTree = "<group>"; };
		0BA163DA29E8DC1000FFB12A /* CategoryMainVC.swift */ = {isa = PBXFileReference; lastKnownFileType = sourcecode.swift; path = CategoryMainVC.swift; sourceTree = "<group>"; };
		0BA163DB29E8DC1000FFB12A /* CategoryMainVC.xib */ = {isa = PBXFileReference; lastKnownFileType = file.xib; path = CategoryMainVC.xib; sourceTree = "<group>"; };
		0BA163DE29E8DC2300FFB12A /* PhotoMainVC.swift */ = {isa = PBXFileReference; lastKnownFileType = sourcecode.swift; path = PhotoMainVC.swift; sourceTree = "<group>"; };
		0BA163DF29E8DC2300FFB12A /* PhotoMainVC.xib */ = {isa = PBXFileReference; lastKnownFileType = file.xib; path = PhotoMainVC.xib; sourceTree = "<group>"; };
		0BB33DF929EE0AD900B281DE /* Utility.swift */ = {isa = PBXFileReference; lastKnownFileType = sourcecode.swift; path = Utility.swift; sourceTree = "<group>"; };
		0BC0C32429EEDA680009EAC1 /* LocalStored.swift */ = {isa = PBXFileReference; lastKnownFileType = sourcecode.swift; path = LocalStored.swift; sourceTree = "<group>"; };
		0BEA4FE229EA479E001810D7 /* CreateNewPasswordVC.xib */ = {isa = PBXFileReference; fileEncoding = 4; lastKnownFileType = file.xib; path = CreateNewPasswordVC.xib; sourceTree = "<group>"; };
		0BEA4FE529EA5175001810D7 /* IntroVC.swift */ = {isa = PBXFileReference; lastKnownFileType = sourcecode.swift; path = IntroVC.swift; sourceTree = "<group>"; };
		0BEA4FE629EA5175001810D7 /* IntroVC.xib */ = {isa = PBXFileReference; lastKnownFileType = file.xib; path = IntroVC.xib; sourceTree = "<group>"; };
		0BEA4FE929EA53C8001810D7 /* CacheManager.swift */ = {isa = PBXFileReference; lastKnownFileType = sourcecode.swift; path = CacheManager.swift; sourceTree = "<group>"; };
		0BEA4FEB29EA543F001810D7 /* Common.swift */ = {isa = PBXFileReference; lastKnownFileType = sourcecode.swift; path = Common.swift; sourceTree = "<group>"; };
		0BEA4FEE29EA9B28001810D7 /* InputPasswordAppVC.swift */ = {isa = PBXFileReference; lastKnownFileType = sourcecode.swift; path = InputPasswordAppVC.swift; sourceTree = "<group>"; };
		0BEA4FEF29EA9B28001810D7 /* InputPasswordAppVC.xib */ = {isa = PBXFileReference; lastKnownFileType = file.xib; path = InputPasswordAppVC.xib; sourceTree = "<group>"; };
		0BEA4FF229EAAA96001810D7 /* BaseVC.swift */ = {isa = PBXFileReference; lastKnownFileType = sourcecode.swift; path = BaseVC.swift; sourceTree = "<group>"; };
		5BCCC95D179234224E94E0F9 /* Pods_ThuVienAnh.framework */ = {isa = PBXFileReference; explicitFileType = wrapper.framework; includeInIndex = 0; path = Pods_ThuVienAnh.framework; sourceTree = BUILT_PRODUCTS_DIR; };
		8079763120674EA0B18748C2 /* Pods-ThuVienAnh.debug.xcconfig */ = {isa = PBXFileReference; includeInIndex = 1; lastKnownFileType = text.xcconfig; name = "Pods-ThuVienAnh.debug.xcconfig"; path = "Target Support Files/Pods-ThuVienAnh/Pods-ThuVienAnh.debug.xcconfig"; sourceTree = "<group>"; };
		D922BF0B29E8EBBA001E3E26 /* Helper.swift */ = {isa = PBXFileReference; lastKnownFileType = sourcecode.swift; path = Helper.swift; sourceTree = "<group>"; };
		D922BF0E29E90F09001E3E26 /* SFPRODISPLAYBOLD.OTF */ = {isa = PBXFileReference; lastKnownFileType = file; path = SFPRODISPLAYBOLD.OTF; sourceTree = "<group>"; };
		D922BF0F29E90F09001E3E26 /* SFPRODISPLAYMEDIUM.OTF */ = {isa = PBXFileReference; lastKnownFileType = file; path = SFPRODISPLAYMEDIUM.OTF; sourceTree = "<group>"; };
		D922BF1029E90F09001E3E26 /* SFPRODISPLAYREGULAR.OTF */ = {isa = PBXFileReference; lastKnownFileType = file; path = SFPRODISPLAYREGULAR.OTF; sourceTree = "<group>"; };
		D922BF1129E90F09001E3E26 /* SFPRODISPLAYBLACKITALIC.OTF */ = {isa = PBXFileReference; lastKnownFileType = file; path = SFPRODISPLAYBLACKITALIC.OTF; sourceTree = "<group>"; };
		D922BF1229E90F09001E3E26 /* SFPRODISPLAYSEMIBOLDITALIC.OTF */ = {isa = PBXFileReference; lastKnownFileType = file; path = SFPRODISPLAYSEMIBOLDITALIC.OTF; sourceTree = "<group>"; };
		D922BF1329E90F09001E3E26 /* SFPRODISPLAYULTRALIGHTITALIC.OTF */ = {isa = PBXFileReference; lastKnownFileType = file; path = SFPRODISPLAYULTRALIGHTITALIC.OTF; sourceTree = "<group>"; };
		D922BF1429E90F09001E3E26 /* SFPRODISPLAYHEAVYITALIC.OTF */ = {isa = PBXFileReference; lastKnownFileType = file; path = SFPRODISPLAYHEAVYITALIC.OTF; sourceTree = "<group>"; };
		D922BF1529E90F09001E3E26 /* SFPRODISPLAYTHINITALIC.OTF */ = {isa = PBXFileReference; lastKnownFileType = file; path = SFPRODISPLAYTHINITALIC.OTF; sourceTree = "<group>"; };
		D922BF1629E90F09001E3E26 /* SFPRODISPLAYLIGHTITALIC.OTF */ = {isa = PBXFileReference; lastKnownFileType = file; path = SFPRODISPLAYLIGHTITALIC.OTF; sourceTree = "<group>"; };
		D9A9D1F729EFE51F0099281E /* PasswordStorage.swift */ = {isa = PBXFileReference; lastKnownFileType = sourcecode.swift; path = PasswordStorage.swift; sourceTree = "<group>"; };
		D9B16B8529F1510000940DA8 /* Category.swift */ = {isa = PBXFileReference; lastKnownFileType = sourcecode.swift; path = Category.swift; sourceTree = "<group>"; };
		D9B16B8729F1532B00940DA8 /* CategoryCell.swift */ = {isa = PBXFileReference; lastKnownFileType = sourcecode.swift; path = CategoryCell.swift; sourceTree = "<group>"; };
		D9B16B8829F1532B00940DA8 /* CategoryCell.xib */ = {isa = PBXFileReference; lastKnownFileType = file.xib; path = CategoryCell.xib; sourceTree = "<group>"; };
		D9BE5AA129E96CAE0044CE17 /* Extensions.swift */ = {isa = PBXFileReference; lastKnownFileType = sourcecode.swift; path = Extensions.swift; sourceTree = "<group>"; };
		D9CEDE4C29E80AFA00A7C846 /* ThuVienAnh.app */ = {isa = PBXFileReference; explicitFileType = wrapper.application; includeInIndex = 0; path = ThuVienAnh.app; sourceTree = BUILT_PRODUCTS_DIR; };
		D9CEDE4F29E80AFA00A7C846 /* AppDelegate.swift */ = {isa = PBXFileReference; lastKnownFileType = sourcecode.swift; path = AppDelegate.swift; sourceTree = "<group>"; };
		D9CEDE5129E80AFA00A7C846 /* SceneDelegate.swift */ = {isa = PBXFileReference; lastKnownFileType = sourcecode.swift; path = SceneDelegate.swift; sourceTree = "<group>"; };
		D9CEDE5829E80AFC00A7C846 /* Assets.xcassets */ = {isa = PBXFileReference; lastKnownFileType = folder.assetcatalog; path = Assets.xcassets; sourceTree = "<group>"; };
		D9CEDE5B29E80AFC00A7C846 /* Base */ = {isa = PBXFileReference; lastKnownFileType = file.storyboard; name = Base; path = Base.lproj/LaunchScreen.storyboard; sourceTree = "<group>"; };
		D9CEDE5D29E80AFC00A7C846 /* Info.plist */ = {isa = PBXFileReference; lastKnownFileType = text.plist.xml; path = Info.plist; sourceTree = "<group>"; };
		D9CEDE6C29E813A000A7C846 /* MainVC.swift */ = {isa = PBXFileReference; lastKnownFileType = sourcecode.swift; path = MainVC.swift; sourceTree = "<group>"; };
		D9CEDE6D29E813A000A7C846 /* MainVC.xib */ = {isa = PBXFileReference; lastKnownFileType = file.xib; path = MainVC.xib; sourceTree = "<group>"; };
		D9CEDE7329E815E700A7C846 /* Icon App.png */ = {isa = PBXFileReference; lastKnownFileType = image.png; path = "Icon App.png"; sourceTree = "<group>"; };
/* End PBXFileReference section */

/* Begin PBXFrameworksBuildPhase section */
		D9CEDE4929E80AFA00A7C846 /* Frameworks */ = {
			isa = PBXFrameworksBuildPhase;
			buildActionMask = 2147483647;
			files = (
				81348056D97FAA8E13D4934E /* Pods_ThuVienAnh.framework in Frameworks */,
			);
			runOnlyForDeploymentPostprocessing = 0;
		};
/* End PBXFrameworksBuildPhase section */

/* Begin PBXGroup section */
		0B2F003829E99B64007DED42 /* PItemCell */ = {
			isa = PBXGroup;
			children = (
				0B2F003929E99B8C007DED42 /* PItemCell.swift */,
				0B2F003A29E99B8C007DED42 /* PItemCell.xib */,
			);
			path = PItemCell;
			sourceTree = "<group>";
		};
		0B2F003D29E9A480007DED42 /* PCreate */ = {
			isa = PBXGroup;
			children = (
				0B2F003E29E9A4E3007DED42 /* CreateNewPasswordVC.swift */,
				0BEA4FE229EA479E001810D7 /* CreateNewPasswordVC.xib */,
				0B3282F629EA2C0200474907 /* PasswordGenerator.swift */,
				0B3282F729EA2C0200474907 /* PasswordGenerator.xib */,
			);
			path = PCreate;
			sourceTree = "<group>";
		};
		0B3AEEF029EBD29B009C206C /* Customs */ = {
			isa = PBXGroup;
			children = (
				0B3AEEF129EBD2B9009C206C /* CustomsAlertVC.swift */,
				0B3AEEF229EBD2B9009C206C /* CustomsAlertVC.xib */,
			);
			path = Customs;
			sourceTree = "<group>";
		};
		0BA163CD29E8D8C400FFB12A /* images */ = {
			isa = PBXGroup;
			children = (
			);
			path = images;
			sourceTree = "<group>";
		};
		0BA163CE29E8DB9F00FFB12A /* PasswordVC */ = {
			isa = PBXGroup;
			children = (
				0BEA4FED29EA9991001810D7 /* PasswordApp */,
				0B2F003D29E9A480007DED42 /* PCreate */,
				0B2F003829E99B64007DED42 /* PItemCell */,
				0BA163D229E8DBE900FFB12A /* PasswordMainVC.swift */,
				0BA163D329E8DBE900FFB12A /* PasswordMainVC.xib */,
				0B47665429F0433B00E6B115 /* ActionMoreVC.swift */,
				0B47665529F0433B00E6B115 /* ActionMoreVC.xib */,
			);
			path = PasswordVC;
			sourceTree = "<group>";
		};
		0BA163CF29E8DBB000FFB12A /* SettingVC */ = {
			isa = PBXGroup;
			children = (
				0BA163D629E8DBF900FFB12A /* SettingMainVC.swift */,
				0BA163D729E8DBF900FFB12A /* SettingMainVC.xib */,
			);
			path = SettingVC;
			sourceTree = "<group>";
		};
		0BA163D029E8DBB700FFB12A /* CategoryVC */ = {
			isa = PBXGroup;
			children = (
				0BA163DA29E8DC1000FFB12A /* CategoryMainVC.swift */,
				0BA163DB29E8DC1000FFB12A /* CategoryMainVC.xib */,
				D9B16B8729F1532B00940DA8 /* CategoryCell.swift */,
				D9B16B8829F1532B00940DA8 /* CategoryCell.xib */,
			);
			path = CategoryVC;
			sourceTree = "<group>";
		};
		0BA163D129E8DBC700FFB12A /* PhotoVC */ = {
			isa = PBXGroup;
			children = (
				0BA163DE29E8DC2300FFB12A /* PhotoMainVC.swift */,
				0BA163DF29E8DC2300FFB12A /* PhotoMainVC.xib */,
			);
			path = PhotoVC;
			sourceTree = "<group>";
		};
		0BEA4FE429EA515E001810D7 /* Intro */ = {
			isa = PBXGroup;
			children = (
				0BEA4FE529EA5175001810D7 /* IntroVC.swift */,
				0BEA4FE629EA5175001810D7 /* IntroVC.xib */,
			);
			path = Intro;
			sourceTree = "<group>";
		};
		0BEA4FED29EA9991001810D7 /* PasswordApp */ = {
			isa = PBXGroup;
			children = (
				0BEA4FEE29EA9B28001810D7 /* InputPasswordAppVC.swift */,
				0BEA4FEF29EA9B28001810D7 /* InputPasswordAppVC.xib */,
			);
			path = PasswordApp;
			sourceTree = "<group>";
		};
		2C6765767DD54EEF29CB719A /* Pods */ = {
			isa = PBXGroup;
			children = (
				8079763120674EA0B18748C2 /* Pods-ThuVienAnh.debug.xcconfig */,
				0A6870A16B713B0DBE5D0A01 /* Pods-ThuVienAnh.release.xcconfig */,
			);
			path = Pods;
			sourceTree = "<group>";
		};
		71F12782801986CC8D029569 /* Frameworks */ = {
			isa = PBXGroup;
			children = (
				5BCCC95D179234224E94E0F9 /* Pods_ThuVienAnh.framework */,
			);
			name = Frameworks;
			sourceTree = "<group>";
		};
		D922BF0D29E90EFF001E3E26 /* fonts */ = {
			isa = PBXGroup;
			children = (
				D922BF1129E90F09001E3E26 /* SFPRODISPLAYBLACKITALIC.OTF */,
				D922BF0E29E90F09001E3E26 /* SFPRODISPLAYBOLD.OTF */,
				D922BF1429E90F09001E3E26 /* SFPRODISPLAYHEAVYITALIC.OTF */,
				D922BF1629E90F09001E3E26 /* SFPRODISPLAYLIGHTITALIC.OTF */,
				D922BF0F29E90F09001E3E26 /* SFPRODISPLAYMEDIUM.OTF */,
				D922BF1029E90F09001E3E26 /* SFPRODISPLAYREGULAR.OTF */,
				D922BF1229E90F09001E3E26 /* SFPRODISPLAYSEMIBOLDITALIC.OTF */,
				D922BF1529E90F09001E3E26 /* SFPRODISPLAYTHINITALIC.OTF */,
				D922BF1329E90F09001E3E26 /* SFPRODISPLAYULTRALIGHTITALIC.OTF */,
			);
			path = fonts;
			sourceTree = "<group>";
		};
		D9A9D1F629EFE4EA0099281E /* Models */ = {
			isa = PBXGroup;
			children = (
				D9A9D1F729EFE51F0099281E /* PasswordStorage.swift */,
				D9B16B8529F1510000940DA8 /* Category.swift */,
			);
			path = Models;
			sourceTree = "<group>";
		};
		D9CEDE4329E80AFA00A7C846 = {
			isa = PBXGroup;
			children = (
				D9CEDE4E29E80AFA00A7C846 /* ThuVienAnh */,
				D9CEDE4D29E80AFA00A7C846 /* Products */,
				2C6765767DD54EEF29CB719A /* Pods */,
				71F12782801986CC8D029569 /* Frameworks */,
			);
			sourceTree = "<group>";
		};
		D9CEDE4D29E80AFA00A7C846 /* Products */ = {
			isa = PBXGroup;
			children = (
				D9CEDE4C29E80AFA00A7C846 /* ThuVienAnh.app */,
			);
			name = Products;
			sourceTree = "<group>";
		};
		D9CEDE4E29E80AFA00A7C846 /* ThuVienAnh */ = {
			isa = PBXGroup;
			children = (
				D9A9D1F629EFE4EA0099281E /* Models */,
				D922BF0D29E90EFF001E3E26 /* fonts */,
				D9CEDE7529E8164700A7C846 /* Helpers */,
				D9CEDE7029E815CD00A7C846 /* Resources */,
				D9CEDE6329E80BAA00A7C846 /* ViewControllers */,
				D9CEDE4F29E80AFA00A7C846 /* AppDelegate.swift */,
				D9CEDE5129E80AFA00A7C846 /* SceneDelegate.swift */,
				D9CEDE5829E80AFC00A7C846 /* Assets.xcassets */,
				D9CEDE5A29E80AFC00A7C846 /* LaunchScreen.storyboard */,
				D9CEDE5D29E80AFC00A7C846 /* Info.plist */,
			);
			path = ThuVienAnh;
			sourceTree = "<group>";
		};
		D9CEDE6329E80BAA00A7C846 /* ViewControllers */ = {
			isa = PBXGroup;
			children = (
				0B3AEEF029EBD29B009C206C /* Customs */,
				0BEA4FE429EA515E001810D7 /* Intro */,
				0BA163D129E8DBC700FFB12A /* PhotoVC */,
				0BA163D029E8DBB700FFB12A /* CategoryVC */,
				0BA163CF29E8DBB000FFB12A /* SettingVC */,
				0BA163CE29E8DB9F00FFB12A /* PasswordVC */,
				D9CEDE6C29E813A000A7C846 /* MainVC.swift */,
				D9CEDE6D29E813A000A7C846 /* MainVC.xib */,
			);
			path = ViewControllers;
			sourceTree = "<group>";
		};
		D9CEDE7029E815CD00A7C846 /* Resources */ = {
			isa = PBXGroup;
			children = (
				0BA163CD29E8D8C400FFB12A /* images */,
				D9CEDE7129E815D700A7C846 /* Icons */,
			);
			path = Resources;
			sourceTree = "<group>";
		};
		D9CEDE7129E815D700A7C846 /* Icons */ = {
			isa = PBXGroup;
			children = (
				0BA163C529E8D88900FFB12A /* ic-category.png */,
				0BA163C629E8D88900FFB12A /* ic-password.png */,
				0BA163C729E8D88900FFB12A /* ic-photo.png */,
				0BA163C829E8D88900FFB12A /* ic-setting.png */,
				D9CEDE7329E815E700A7C846 /* Icon App.png */,
			);
			path = Icons;
			sourceTree = "<group>";
		};
		D9CEDE7529E8164700A7C846 /* Helpers */ = {
			isa = PBXGroup;
			children = (
				D922BF0B29E8EBBA001E3E26 /* Helper.swift */,
				D9BE5AA129E96CAE0044CE17 /* Extensions.swift */,
				0BEA4FE929EA53C8001810D7 /* CacheManager.swift */,
				0BEA4FEB29EA543F001810D7 /* Common.swift */,
				0BEA4FF229EAAA96001810D7 /* BaseVC.swift */,
				0BB33DF929EE0AD900B281DE /* Utility.swift */,
				0BC0C32429EEDA680009EAC1 /* LocalStored.swift */,
			);
			path = Helpers;
			sourceTree = "<group>";
		};
/* End PBXGroup section */

/* Begin PBXNativeTarget section */
		D9CEDE4B29E80AFA00A7C846 /* ThuVienAnh */ = {
			isa = PBXNativeTarget;
			buildConfigurationList = D9CEDE6029E80AFC00A7C846 /* Build configuration list for PBXNativeTarget "ThuVienAnh" */;
			buildPhases = (
				936DB264F01CB863DB88E979 /* [CP] Check Pods Manifest.lock */,
				D9CEDE4829E80AFA00A7C846 /* Sources */,
				D9CEDE4929E80AFA00A7C846 /* Frameworks */,
				D9CEDE4A29E80AFA00A7C846 /* Resources */,
				46B1EA276EB3D2968DB44637 /* [CP] Embed Pods Frameworks */,
			);
			buildRules = (
			);
			dependencies = (
			);
			name = ThuVienAnh;
			productName = ThuVienAnh;
			productReference = D9CEDE4C29E80AFA00A7C846 /* ThuVienAnh.app */;
			productType = "com.apple.product-type.application";
		};
/* End PBXNativeTarget section */

/* Begin PBXProject section */
		D9CEDE4429E80AFA00A7C846 /* Project object */ = {
			isa = PBXProject;
			attributes = {
				BuildIndependentTargetsInParallel = 1;
				LastSwiftUpdateCheck = 1410;
				LastUpgradeCheck = 1410;
				TargetAttributes = {
					D9CEDE4B29E80AFA00A7C846 = {
						CreatedOnToolsVersion = 14.1;
					};
				};
			};
			buildConfigurationList = D9CEDE4729E80AFA00A7C846 /* Build configuration list for PBXProject "ThuVienAnh" */;
			compatibilityVersion = "Xcode 14.0";
			developmentRegion = en;
			hasScannedForEncodings = 0;
			knownRegions = (
				en,
				Base,
			);
			mainGroup = D9CEDE4329E80AFA00A7C846;
			productRefGroup = D9CEDE4D29E80AFA00A7C846 /* Products */;
			projectDirPath = "";
			projectRoot = "";
			targets = (
				D9CEDE4B29E80AFA00A7C846 /* ThuVienAnh */,
			);
		};
/* End PBXProject section */

/* Begin PBXResourcesBuildPhase section */
		D9CEDE4A29E80AFA00A7C846 /* Resources */ = {
			isa = PBXResourcesBuildPhase;
			buildActionMask = 2147483647;
			files = (
				0B3282F929EA2C0200474907 /* PasswordGenerator.xib in Resources */,
				0BEA4FE829EA5175001810D7 /* IntroVC.xib in Resources */,
				0B2F003C29E99B8C007DED42 /* PItemCell.xib in Resources */,
				0BA163D929E8DBF900FFB12A /* SettingMainVC.xib in Resources */,
				0BA163D529E8DBE900FFB12A /* PasswordMainVC.xib in Resources */,
				0BA163DD29E8DC1000FFB12A /* CategoryMainVC.xib in Resources */,
				0BA163CC29E8D88900FFB12A /* ic-setting.png in Resources */,
				D9CEDE6F29E813A000A7C846 /* MainVC.xib in Resources */,
				0BEA4FF129EA9B28001810D7 /* InputPasswordAppVC.xib in Resources */,
				D9CEDE7429E815E700A7C846 /* Icon App.png in Resources */,
				0BEA4FE329EA479E001810D7 /* CreateNewPasswordVC.xib in Resources */,
				D9CEDE5C29E80AFC00A7C846 /* LaunchScreen.storyboard in Resources */,
				0B3AEEF429EBD2B9009C206C /* CustomsAlertVC.xib in Resources */,
				0BA163CB29E8D88900FFB12A /* ic-photo.png in Resources */,
				0B47665729F0433B00E6B115 /* ActionMoreVC.xib in Resources */,
				D9B16B8A29F1532B00940DA8 /* CategoryCell.xib in Resources */,
				0BA163E129E8DC2300FFB12A /* PhotoMainVC.xib in Resources */,
				D9CEDE5929E80AFC00A7C846 /* Assets.xcassets in Resources */,
				0BA163CA29E8D88900FFB12A /* ic-password.png in Resources */,
				0BA163C929E8D88900FFB12A /* ic-category.png in Resources */,
			);
			runOnlyForDeploymentPostprocessing = 0;
		};
/* End PBXResourcesBuildPhase section */

/* Begin PBXShellScriptBuildPhase section */
		46B1EA276EB3D2968DB44637 /* [CP] Embed Pods Frameworks */ = {
			isa = PBXShellScriptBuildPhase;
			buildActionMask = 2147483647;
			files = (
			);
			inputFileListPaths = (
				"${PODS_ROOT}/Target Support Files/Pods-ThuVienAnh/Pods-ThuVienAnh-frameworks-${CONFIGURATION}-input-files.xcfilelist",
			);
			name = "[CP] Embed Pods Frameworks";
			outputFileListPaths = (
				"${PODS_ROOT}/Target Support Files/Pods-ThuVienAnh/Pods-ThuVienAnh-frameworks-${CONFIGURATION}-output-files.xcfilelist",
			);
			runOnlyForDeploymentPostprocessing = 0;
			shellPath = /bin/sh;
			shellScript = "\"${PODS_ROOT}/Target Support Files/Pods-ThuVienAnh/Pods-ThuVienAnh-frameworks.sh\"\n";
			showEnvVarsInLog = 0;
		};
		936DB264F01CB863DB88E979 /* [CP] Check Pods Manifest.lock */ = {
			isa = PBXShellScriptBuildPhase;
			buildActionMask = 2147483647;
			files = (
			);
			inputFileListPaths = (
			);
			inputPaths = (
				"${PODS_PODFILE_DIR_PATH}/Podfile.lock",
				"${PODS_ROOT}/Manifest.lock",
			);
			name = "[CP] Check Pods Manifest.lock";
			outputFileListPaths = (
			);
			outputPaths = (
				"$(DERIVED_FILE_DIR)/Pods-ThuVienAnh-checkManifestLockResult.txt",
			);
			runOnlyForDeploymentPostprocessing = 0;
			shellPath = /bin/sh;
			shellScript = "diff \"${PODS_PODFILE_DIR_PATH}/Podfile.lock\" \"${PODS_ROOT}/Manifest.lock\" > /dev/null\nif [ $? != 0 ] ; then\n    # print error to STDERR\n    echo \"error: The sandbox is not in sync with the Podfile.lock. Run 'pod install' or update your CocoaPods installation.\" >&2\n    exit 1\nfi\n# This output is used by Xcode 'outputs' to avoid re-running this script phase.\necho \"SUCCESS\" > \"${SCRIPT_OUTPUT_FILE_0}\"\n";
			showEnvVarsInLog = 0;
		};
/* End PBXShellScriptBuildPhase section */

/* Begin PBXSourcesBuildPhase section */
		D9CEDE4829E80AFA00A7C846 /* Sources */ = {
			isa = PBXSourcesBuildPhase;
			buildActionMask = 2147483647;
			files = (
				0BC0C32529EEDA680009EAC1 /* LocalStored.swift in Sources */,
				0BEA4FF029EA9B28001810D7 /* InputPasswordAppVC.swift in Sources */,
				0BEA4FF329EAAA96001810D7 /* BaseVC.swift in Sources */,
				D9A9D1F829EFE51F0099281E /* PasswordStorage.swift in Sources */,
				0B2F003B29E99B8C007DED42 /* PItemCell.swift in Sources */,
				0BEA4FEA29EA53C8001810D7 /* CacheManager.swift in Sources */,
				0BA163D829E8DBF900FFB12A /* SettingMainVC.swift in Sources */,
				0B2F004029E9A4E3007DED42 /* CreateNewPasswordVC.swift in Sources */,
				D9CEDE5029E80AFA00A7C846 /* AppDelegate.swift in Sources */,
				D9CEDE6E29E813A000A7C846 /* MainVC.swift in Sources */,
				0B3AEEF329EBD2B9009C206C /* CustomsAlertVC.swift in Sources */,
				D9B16B8929F1532B00940DA8 /* CategoryCell.swift in Sources */,
				0BB33DFA29EE0AD900B281DE /* Utility.swift in Sources */,
				0BEA4FE729EA5175001810D7 /* IntroVC.swift in Sources */,
				D9CEDE5229E80AFA00A7C846 /* SceneDelegate.swift in Sources */,
				D9B16B8629F1510000940DA8 /* Category.swift in Sources */,
				0BA163E029E8DC2300FFB12A /* PhotoMainVC.swift in Sources */,
				0B3282F829EA2C0200474907 /* PasswordGenerator.swift in Sources */,
				D9BE5AA229E96CAF0044CE17 /* Extensions.swift in Sources */,
				D922BF0C29E8EBBA001E3E26 /* Helper.swift in Sources */,
				0BA163DC29E8DC1000FFB12A /* CategoryMainVC.swift in Sources */,
				0BEA4FEC29EA543F001810D7 /* Common.swift in Sources */,
				0BA163D429E8DBE900FFB12A /* PasswordMainVC.swift in Sources */,
				0B47665629F0433B00E6B115 /* ActionMoreVC.swift in Sources */,
			);
			runOnlyForDeploymentPostprocessing = 0;
		};
/* End PBXSourcesBuildPhase section */

/* Begin PBXVariantGroup section */
		D9CEDE5A29E80AFC00A7C846 /* LaunchScreen.storyboard */ = {
			isa = PBXVariantGroup;
			children = (
				D9CEDE5B29E80AFC00A7C846 /* Base */,
			);
			name = LaunchScreen.storyboard;
			sourceTree = "<group>";
		};
/* End PBXVariantGroup section */

/* Begin XCBuildConfiguration section */
		D9CEDE5E29E80AFC00A7C846 /* Debug */ = {
			isa = XCBuildConfiguration;
			buildSettings = {
				ALWAYS_SEARCH_USER_PATHS = NO;
				CLANG_ANALYZER_NONNULL = YES;
				CLANG_ANALYZER_NUMBER_OBJECT_CONVERSION = YES_AGGRESSIVE;
				CLANG_CXX_LANGUAGE_STANDARD = "gnu++20";
				CLANG_ENABLE_MODULES = YES;
				CLANG_ENABLE_OBJC_ARC = YES;
				CLANG_ENABLE_OBJC_WEAK = YES;
				CLANG_WARN_BLOCK_CAPTURE_AUTORELEASING = YES;
				CLANG_WARN_BOOL_CONVERSION = YES;
				CLANG_WARN_COMMA = YES;
				CLANG_WARN_CONSTANT_CONVERSION = YES;
				CLANG_WARN_DEPRECATED_OBJC_IMPLEMENTATIONS = YES;
				CLANG_WARN_DIRECT_OBJC_ISA_USAGE = YES_ERROR;
				CLANG_WARN_DOCUMENTATION_COMMENTS = YES;
				CLANG_WARN_EMPTY_BODY = YES;
				CLANG_WARN_ENUM_CONVERSION = YES;
				CLANG_WARN_INFINITE_RECURSION = YES;
				CLANG_WARN_INT_CONVERSION = YES;
				CLANG_WARN_NON_LITERAL_NULL_CONVERSION = YES;
				CLANG_WARN_OBJC_IMPLICIT_RETAIN_SELF = YES;
				CLANG_WARN_OBJC_LITERAL_CONVERSION = YES;
				CLANG_WARN_OBJC_ROOT_CLASS = YES_ERROR;
				CLANG_WARN_QUOTED_INCLUDE_IN_FRAMEWORK_HEADER = YES;
				CLANG_WARN_RANGE_LOOP_ANALYSIS = YES;
				CLANG_WARN_STRICT_PROTOTYPES = YES;
				CLANG_WARN_SUSPICIOUS_MOVE = YES;
				CLANG_WARN_UNGUARDED_AVAILABILITY = YES_AGGRESSIVE;
				CLANG_WARN_UNREACHABLE_CODE = YES;
				CLANG_WARN__DUPLICATE_METHOD_MATCH = YES;
				COPY_PHASE_STRIP = NO;
				DEBUG_INFORMATION_FORMAT = dwarf;
				ENABLE_STRICT_OBJC_MSGSEND = YES;
				ENABLE_TESTABILITY = YES;
				GCC_C_LANGUAGE_STANDARD = gnu11;
				GCC_DYNAMIC_NO_PIC = NO;
				GCC_NO_COMMON_BLOCKS = YES;
				GCC_OPTIMIZATION_LEVEL = 0;
				GCC_PREPROCESSOR_DEFINITIONS = (
					"DEBUG=1",
					"$(inherited)",
				);
				GCC_WARN_64_TO_32_BIT_CONVERSION = YES;
				GCC_WARN_ABOUT_RETURN_TYPE = YES_ERROR;
				GCC_WARN_UNDECLARED_SELECTOR = YES;
				GCC_WARN_UNINITIALIZED_AUTOS = YES_AGGRESSIVE;
				GCC_WARN_UNUSED_FUNCTION = YES;
				GCC_WARN_UNUSED_VARIABLE = YES;
				IPHONEOS_DEPLOYMENT_TARGET = 16.1;
				MTL_ENABLE_DEBUG_INFO = INCLUDE_SOURCE;
				MTL_FAST_MATH = YES;
				ONLY_ACTIVE_ARCH = YES;
				SDKROOT = iphoneos;
				SWIFT_ACTIVE_COMPILATION_CONDITIONS = DEBUG;
				SWIFT_OPTIMIZATION_LEVEL = "-Onone";
			};
			name = Debug;
		};
		D9CEDE5F29E80AFC00A7C846 /* Release */ = {
			isa = XCBuildConfiguration;
			buildSettings = {
				ALWAYS_SEARCH_USER_PATHS = NO;
				CLANG_ANALYZER_NONNULL = YES;
				CLANG_ANALYZER_NUMBER_OBJECT_CONVERSION = YES_AGGRESSIVE;
				CLANG_CXX_LANGUAGE_STANDARD = "gnu++20";
				CLANG_ENABLE_MODULES = YES;
				CLANG_ENABLE_OBJC_ARC = YES;
				CLANG_ENABLE_OBJC_WEAK = YES;
				CLANG_WARN_BLOCK_CAPTURE_AUTORELEASING = YES;
				CLANG_WARN_BOOL_CONVERSION = YES;
				CLANG_WARN_COMMA = YES;
				CLANG_WARN_CONSTANT_CONVERSION = YES;
				CLANG_WARN_DEPRECATED_OBJC_IMPLEMENTATIONS = YES;
				CLANG_WARN_DIRECT_OBJC_ISA_USAGE = YES_ERROR;
				CLANG_WARN_DOCUMENTATION_COMMENTS = YES;
				CLANG_WARN_EMPTY_BODY = YES;
				CLANG_WARN_ENUM_CONVERSION = YES;
				CLANG_WARN_INFINITE_RECURSION = YES;
				CLANG_WARN_INT_CONVERSION = YES;
				CLANG_WARN_NON_LITERAL_NULL_CONVERSION = YES;
				CLANG_WARN_OBJC_IMPLICIT_RETAIN_SELF = YES;
				CLANG_WARN_OBJC_LITERAL_CONVERSION = YES;
				CLANG_WARN_OBJC_ROOT_CLASS = YES_ERROR;
				CLANG_WARN_QUOTED_INCLUDE_IN_FRAMEWORK_HEADER = YES;
				CLANG_WARN_RANGE_LOOP_ANALYSIS = YES;
				CLANG_WARN_STRICT_PROTOTYPES = YES;
				CLANG_WARN_SUSPICIOUS_MOVE = YES;
				CLANG_WARN_UNGUARDED_AVAILABILITY = YES_AGGRESSIVE;
				CLANG_WARN_UNREACHABLE_CODE = YES;
				CLANG_WARN__DUPLICATE_METHOD_MATCH = YES;
				COPY_PHASE_STRIP = NO;
				DEBUG_INFORMATION_FORMAT = "dwarf-with-dsym";
				ENABLE_NS_ASSERTIONS = NO;
				ENABLE_STRICT_OBJC_MSGSEND = YES;
				GCC_C_LANGUAGE_STANDARD = gnu11;
				GCC_NO_COMMON_BLOCKS = YES;
				GCC_WARN_64_TO_32_BIT_CONVERSION = YES;
				GCC_WARN_ABOUT_RETURN_TYPE = YES_ERROR;
				GCC_WARN_UNDECLARED_SELECTOR = YES;
				GCC_WARN_UNINITIALIZED_AUTOS = YES_AGGRESSIVE;
				GCC_WARN_UNUSED_FUNCTION = YES;
				GCC_WARN_UNUSED_VARIABLE = YES;
				IPHONEOS_DEPLOYMENT_TARGET = 16.1;
				MTL_ENABLE_DEBUG_INFO = NO;
				MTL_FAST_MATH = YES;
				SDKROOT = iphoneos;
				SWIFT_COMPILATION_MODE = wholemodule;
				SWIFT_OPTIMIZATION_LEVEL = "-O";
				VALIDATE_PRODUCT = YES;
			};
			name = Release;
		};
		D9CEDE6129E80AFC00A7C846 /* Debug */ = {
			isa = XCBuildConfiguration;
			baseConfigurationReference = 8079763120674EA0B18748C2 /* Pods-ThuVienAnh.debug.xcconfig */;
			buildSettings = {
				ASSETCATALOG_COMPILER_APPICON_NAME = AppIcon;
				ASSETCATALOG_COMPILER_GLOBAL_ACCENT_COLOR_NAME = AccentColor;
				CODE_SIGN_STYLE = Automatic;
				CURRENT_PROJECT_VERSION = 1;
				DEVELOPMENT_TEAM = 4524TL74Z9;
				GENERATE_INFOPLIST_FILE = YES;
				INFOPLIST_FILE = ThuVienAnh/Info.plist;
				INFOPLIST_KEY_NSFaceIDUsageDescription = "use to login App";
				INFOPLIST_KEY_UIApplicationSupportsIndirectInputEvents = YES;
				INFOPLIST_KEY_UILaunchStoryboardName = LaunchScreen;
				INFOPLIST_KEY_UIRequiresFullScreen = YES;
				INFOPLIST_KEY_UIStatusBarStyle = UIStatusBarStyleLightContent;
				INFOPLIST_KEY_UISupportedInterfaceOrientations = UIInterfaceOrientationPortrait;
				IPHONEOS_DEPLOYMENT_TARGET = 13.0;
				LD_RUNPATH_SEARCH_PATHS = (
					"$(inherited)",
					"@executable_path/Frameworks",
				);
				MARKETING_VERSION = 1.0;
				PRODUCT_BUNDLE_IDENTIFIER = com.vimass.qrvn.ThuVienAnh;
				PRODUCT_NAME = "$(TARGET_NAME)";
				SWIFT_EMIT_LOC_STRINGS = YES;
				SWIFT_VERSION = 5.0;
				TARGETED_DEVICE_FAMILY = "1,2";
			};
			name = Debug;
		};
		D9CEDE6229E80AFC00A7C846 /* Release */ = {
			isa = XCBuildConfiguration;
			baseConfigurationReference = 0A6870A16B713B0DBE5D0A01 /* Pods-ThuVienAnh.release.xcconfig */;
			buildSettings = {
				ASSETCATALOG_COMPILER_APPICON_NAME = AppIcon;
				ASSETCATALOG_COMPILER_GLOBAL_ACCENT_COLOR_NAME = AccentColor;
				CODE_SIGN_STYLE = Automatic;
				CURRENT_PROJECT_VERSION = 1;
				DEVELOPMENT_TEAM = 4524TL74Z9;
				GENERATE_INFOPLIST_FILE = YES;
				INFOPLIST_FILE = ThuVienAnh/Info.plist;
				INFOPLIST_KEY_NSFaceIDUsageDescription = "use to login App";
				INFOPLIST_KEY_UIApplicationSupportsIndirectInputEvents = YES;
				INFOPLIST_KEY_UILaunchStoryboardName = LaunchScreen;
				INFOPLIST_KEY_UIRequiresFullScreen = YES;
				INFOPLIST_KEY_UIStatusBarStyle = UIStatusBarStyleLightContent;
				INFOPLIST_KEY_UISupportedInterfaceOrientations = UIInterfaceOrientationPortrait;
				IPHONEOS_DEPLOYMENT_TARGET = 13.0;
				LD_RUNPATH_SEARCH_PATHS = (
					"$(inherited)",
					"@executable_path/Frameworks",
				);
				MARKETING_VERSION = 1.0;
				PRODUCT_BUNDLE_IDENTIFIER = com.vimass.qrvn.ThuVienAnh;
				PRODUCT_NAME = "$(TARGET_NAME)";
				SWIFT_EMIT_LOC_STRINGS = YES;
				SWIFT_VERSION = 5.0;
				TARGETED_DEVICE_FAMILY = "1,2";
			};
			name = Release;
		};
/* End XCBuildConfiguration section */

/* Begin XCConfigurationList section */
		D9CEDE4729E80AFA00A7C846 /* Build configuration list for PBXProject "ThuVienAnh" */ = {
			isa = XCConfigurationList;
			buildConfigurations = (
				D9CEDE5E29E80AFC00A7C846 /* Debug */,
				D9CEDE5F29E80AFC00A7C846 /* Release */,
			);
			defaultConfigurationIsVisible = 0;
			defaultConfigurationName = Release;
		};
		D9CEDE6029E80AFC00A7C846 /* Build configuration list for PBXNativeTarget "ThuVienAnh" */ = {
			isa = XCConfigurationList;
			buildConfigurations = (
				D9CEDE6129E80AFC00A7C846 /* Debug */,
				D9CEDE6229E80AFC00A7C846 /* Release */,
			);
			defaultConfigurationIsVisible = 0;
			defaultConfigurationName = Release;
		};
/* End XCConfigurationList section */
	};
	rootObject = D9CEDE4429E80AFA00A7C846 /* Project object */;
}
